{
  "requires": true,
  "lockfileVersion": 1,
  "dependencies": {
    "air-datepicker": {
      "version": "3.0.1",
      "resolved": "https://registry.npmjs.org/air-datepicker/-/air-datepicker-3.0.1.tgz",
      "integrity": "sha512-Pv6SN8FHGYpsnoaOq7uSpb/8iu61Fyzo3VqeXTPWmnI4Ctk78xTnoI0oZk5l8sJB8I0vO+3Bu2ISshBVJNnlPg=="
    }
  }
}
